{
  "name": "ProfileSearch",
  "lockfileVersion": 3,
  "requires": true,
  "packages": {
    "": {
      "dependencies": {
        "@cloudinary/url-gen": "^1.22.0",
        "@cloudinary/vue": "^1.13.4",
        "@popperjs/core": "^2.11.8",
        "bootstrap": "^5.3.8",
        "cloudinary": "^2.9.0",
        "cropperjs": "^2.1.1",
        "dotenv": "^17.4.2"
      }
    },
    "node_modules/@cloudinary/html": {
      "version": "1.13.5",
      "resolved": "https://registry.npmjs.org/@cloudinary/html/-/html-1.13.5.tgz",
      "integrity": "sha512-t9mqy7u4D7oIU1NdFWwRrG8pCd+IxZ940PQx5gcm4AxIQhMrWXdhWTHYwDc5HzxjYhDzj4IpQ148EeDWSMq88g==",
      "dependencies": {
        "@types/lodash.clonedeep": "^4.5.6",
        "@types/lodash.debounce": "^4.0.6",
        "@types/node": "^14.14.10",
        "lodash.clonedeep": "^4.5.0",
        "lodash.debounce": "^4.0.8",
        "typescript": "^4.1.2"
      }
    },
    "node_modules/@cloudinary/transformation-builder-sdk": {
      "version": "1.21.2",
      "resolved": "https://registry.npmjs.org/@cloudinary/transformation-builder-sdk/-/transformation-builder-sdk-1.21.2.tgz",
      "integrity": "sha512-ehOgKUaP+Nvuf7B0TosmB8iilL0kdiVjzjl8tIK06cjvsNnwSJI3xP9nEJmKkvqNxwwFwvYXT+mxUTqnSv9JOA==",
      "license": "MIT",
      "dependencies": {
        "@cloudinary/url-gen": "^1.7.0"
      }
    },
    "node_modules/@cloudinary/url-gen": {
      "version": "1.22.0",
      "resolved": "https://registry.npmjs.org/@cloudinary/url-gen/-/url-gen-1.22.0.tgz",
      "integrity": "sha512-le8RMlgyC0JN3+FlC/YAlPYfvmJdtw8QGcSKDjCsfhS2CIem0mJl6ayti8bMoZ0P5wDvBewvRB0/dUQvhCzy3g==",
      "license": "MIT",
      "dependencies": {
        "@cloudinary/transformation-builder-sdk": "^1.15.1"
      }
    },
    "node_modules/@cloudinary/vue": {
      "version": "1.13.4",
      "resolved": "https://registry.npmjs.org/@cloudinary/vue/-/vue-1.13.4.tgz",
      "integrity": "sha512-ev4uB/xQJIEEf/lo+vqUpRYMIwEIbWiZivsEqq/1/6cP69AnFD4uOX+cfEKoh91mE2Ii6AvLpzlacyZwcJHLMw==",
      "license": "MIT",
      "dependencies": {
        "@cloudinary/html": "^1.13.5"
      }
    },
    "node_modules/@cropper/element": {
      "version": "2.1.1",
      "resolved": "https://registry.npmjs.org/@cropper/element/-/element-2.1.1.tgz",
      "integrity": "sha512-pthgIQq3PFAFRGUts96yrMgmMY/4rS/zKEq/Vvw7L0Ur09MgzrUg15z4k96K53bJ8XvNeXdQ0qIDw90gh4Xcug==",
      "license": "MIT",
      "dependencies": {
        "@cropper/utils": "^2.1.1"
      }
    },
    "node_modules/@cropper/element-canvas": {
      "version": "2.1.1",
      "resolved": "https://registry.npmjs.org/@cropper/element-canvas/-/element-canvas-2.1.1.tgz",
      "integrity": "sha512-QHiHnPHsykkc4salOiCLOIKWPK3sLQ1SzpJYFE/yQPvqTPu6ERZNcxVwB1x7WhNN+SdP0S0CEHPYIkgIfUo7VA==",
      "license": "MIT",
      "dependencies": {
        "@cropper/element": "^2.1.1",
        "@cropper/utils": "^2.1.1"
      }
    },
    "node_modules/@cropper/element-crosshair": {
      "version": "2.1.1",
      "resolved": "https://registry.npmjs.org/@cropper/element-crosshair/-/element-crosshair-2.1.1.tgz",
      "integrity": "sha512-DtZnOiY2RZSizDZzMUvya3wZ55YnWclf3hmIrLW6jdcFlQkYEbX6bkOyOJzQmEX0yIbmwMkXfFcMkEZ9dE1rJQ==",
      "license": "MIT",
      "dependencies": {
        "@cropper/element": "^2.1.1",
        "@cropper/utils": "^2.1.1"
      }
    },
    "node_modules/@cropper/element-grid": {
      "version": "2.1.1",
      "resolved": "https://registry.npmjs.org/@cropper/element-grid/-/element-grid-2.1.1.tgz",
      "integrity": "sha512-MZdPBh5QMU10T78nqG+5cK+gq4DHoWZvdOo+/wZ9/z3VH0u21sROeHOCnf0QAdxguPHSSFsPjzARK+ffS4Loog==",
      "license": "MIT",
      "dependencies": {
        "@cropper/element": "^2.1.1",
        "@cropper/utils": "^2.1.1"
      }
    },
    "node_modules/@cropper/element-handle": {
      "version": "2.1.1",
      "resolved": "https://registry.npmjs.org/@cropper/element-handle/-/element-handle-2.1.1.tgz",
      "integrity": "sha512-TmSSphyMr2NEA0DqUTf9PCN8kcpzM0BxreOMyzbfuq1NUUePV1LxYgSOUT7dftMjZnTcu8cHQeFYa69U2BZnBA==",
      "license": "MIT",
      "dependencies": {
        "@cropper/element": "^2.1.1",
        "@cropper/utils": "^2.1.1"
      }
    },
    "node_modules/@cropper/element-image": {
      "version": "2.1.1",
      "resolved": "https://registry.npmjs.org/@cropper/element-image/-/element-image-2.1.1.tgz",
      "integrity": "sha512-cldzN3hVJo0Luui+FDSIkmbQtwIjxWiTcTMLCMSi3hqIq6lc7YOBz+rC5R8AYnYV7YvsWonE6PrJZS+iZpBkdQ==",
      "license": "MIT",
      "dependencies": {
        "@cropper/element": "^2.1.1",
        "@cropper/element-canvas": "^2.1.1",
        "@cropper/utils": "^2.1.1"
      }
    },
    "node_modules/@cropper/element-selection": {
      "version": "2.1.1",
      "resolved": "https://registry.npmjs.org/@cropper/element-selection/-/element-selection-2.1.1.tgz",
      "integrity": "sha512-QtMYhcuR+8JG3QEv8iSRCfQEVYljor61vLPrnGCFIkDJhvcyEWDx4H/Kfn6Jrdo90PyXf2VbpTG7TgH8i/EZFg==",
      "license": "MIT",
      "dependencies": {
        "@cropper/element": "^2.1.1",
        "@cropper/element-canvas": "^2.1.1",
        "@cropper/element-image": "^2.1.1",
        "@cropper/utils": "^2.1.1"
      }
    },
    "node_modules/@cropper/element-shade": {
      "version": "2.1.1",
      "resolved": "https://registry.npmjs.org/@cropper/element-shade/-/element-shade-2.1.1.tgz",
      "integrity": "sha512-MhJVc3jC87TjQu4EfBnNFddL3LxvA+Wzjy1Qhyi0wNdeTAzs97uYJ3KwGVtvzPYP/4JaSU4JDpw+BfIdUqR0bg==",
      "license": "MIT",
      "dependencies": {
        "@cropper/element": "^2.1.1",
        "@cropper/element-canvas": "^2.1.1",
        "@cropper/element-selection": "^2.1.1",
        "@cropper/utils": "^2.1.1"
      }
    },
    "node_modules/@cropper/element-viewer": {
      "version": "2.1.1",
      "resolved": "https://registry.npmjs.org/@cropper/element-viewer/-/element-viewer-2.1.1.tgz",
      "integrity": "sha512-RpXTGW/rTtJVNd3/R3imdCBJzyZRhA/OeWNo7RID4qW7UYEiL6Lwh7Six3QhFIci/IaUAyL9NAAN10av2YWqog==",
      "license": "MIT",
      "dependencies": {
        "@cropper/element": "^2.1.1",
        "@cropper/element-canvas": "^2.1.1",
        "@cropper/element-image": "^2.1.1",
        "@cropper/element-selection": "^2.1.1",
        "@cropper/utils": "^2.1.1"
      }
    },
    "node_modules/@cropper/elements": {
      "version": "2.1.1",
      "resolved": "https://registry.npmjs.org/@cropper/elements/-/elements-2.1.1.tgz",
      "integrity": "sha512-cHShk4l6iExM4S6B1xx7+09gtDs+kdxWqe7Yv6DEbAyWhxVIVJyJAPpKlzLfA5MYnlSnkvCvY66hLLQPwooRMQ==",
      "license": "MIT",
      "dependencies": {
        "@cropper/element": "^2.1.1",
        "@cropper/element-canvas": "^2.1.1",
        "@cropper/element-crosshair": "^2.1.1",
        "@cropper/element-grid": "^2.1.1",
        "@cropper/element-handle": "^2.1.1",
        "@cropper/element-image": "^2.1.1",
        "@cropper/element-selection": "^2.1.1",
        "@cropper/element-shade": "^2.1.1",
        "@cropper/element-viewer": "^2.1.1"
      }
    },
    "node_modules/@cropper/utils": {
      "version": "2.1.1",
      "resolved": "https://registry.npmjs.org/@cropper/utils/-/utils-2.1.1.tgz",
      "integrity": "sha512-0eQs08WyQUNFMfU3ieE091dEQkrW0YdgZ3n6Thnk1EUQv45ypfiL+MevHwr7UzNnUlqUYR2FNSCgE6qBxK0sFw==",
      "license": "MIT"
    },
    "node_modules/@popperjs/core": {
      "version": "2.11.8",
      "resolved": "https://registry.npmjs.org/@popperjs/core/-/core-2.11.8.tgz",
      "integrity": "sha512-P1st0aksCrn9sGZhp8GMYwBnQsbvAWsZAX44oXNNvLHGqAOcoVxmjZiohstwQ7SqKnbR47akdNi+uleWD8+g6A==",
      "license": "MIT",
      "peer": true,
      "funding": {
        "type": "opencollective",
        "url": "https://opencollective.com/popperjs"
      }
    },
    "node_modules/@types/lodash": {
      "version": "4.17.24",
      "resolved": "https://registry.npmjs.org/@types/lodash/-/lodash-4.17.24.tgz",
      "integrity": "sha512-gIW7lQLZbue7lRSWEFql49QJJWThrTFFeIMJdp3eH4tKoxm1OvEPg02rm4wCCSHS0cL3/Fizimb35b7k8atwsQ==",
      "license": "MIT"
    },
    "node_modules/@types/lodash.clonedeep": {
      "version": "4.5.9",
      "resolved": "https://registry.npmjs.org/@types/lodash.clonedeep/-/lodash.clonedeep-4.5.9.tgz",
      "integrity": "sha512-19429mWC+FyaAhOLzsS8kZUsI+/GmBAQ0HFiCPsKGU+7pBXOQWhyrY6xNNDwUSX8SMZMJvuFVMF9O5dQOlQK9Q==",
      "license": "MIT",
      "dependencies": {
        "@types/lodash": "*"
      }
    },
    "node_modules/@types/lodash.debounce": {
      "version": "4.0.9",
      "resolved": "https://registry.npmjs.org/@types/lodash.debounce/-/lodash.debounce-4.0.9.tgz",
      "integrity": "sha512-Ma5JcgTREwpLRwMM+XwBR7DaWe96nC38uCBDFKZWbNKD+osjVzdpnUSwBcqCptrp16sSOLBAUb50Car5I0TCsQ==",
      "license": "MIT",
      "dependencies": {
        "@types/lodash": "*"
      }
    },
    "node_modules/@types/node": {
      "version": "14.18.63",
      "resolved": "https://registry.npmjs.org/@types/node/-/node-14.18.63.tgz",
      "integrity": "sha512-fAtCfv4jJg+ExtXhvCkCqUKZ+4ok/JQk01qDKhL5BDDoS3AxKXhV5/MAVUZyQnSEd2GT92fkgZl0pz0Q0AzcIQ==",
      "license": "MIT"
    },
    "node_modules/bootstrap": {
      "version": "5.3.8",
      "resolved": "https://registry.npmjs.org/bootstrap/-/bootstrap-5.3.8.tgz",
      "integrity": "sha512-HP1SZDqaLDPwsNiqRqi5NcP0SSXciX2s9E+RyqJIIqGo+vJeN5AJVM98CXmW/Wux0nQ5L7jeWUdplCEf0Ee+tg==",
      "funding": [
        {
          "type": "github",
          "url": "https://github.com/sponsors/twbs"
        },
        {
          "type": "opencollective",
          "url": "https://opencollective.com/bootstrap"
        }
      ],
      "license": "MIT",
      "peerDependencies": {
        "@popperjs/core": "^2.11.8"
      }
    },
    "node_modules/cloudinary": {
      "version": "2.9.0",
      "resolved": "https://registry.npmjs.org/cloudinary/-/cloudinary-2.9.0.tgz",
      "integrity": "sha512-F3iKMOy4y0zy0bi5JBp94SC7HY7i/ImfTPSUV07iJmRzH1Iz8WavFfOlJTR1zvYM/xKGoiGZ3my/zy64In0IQQ==",
      "license": "MIT",
      "dependencies": {
        "lodash": "^4.17.21"
      },
      "engines": {
        "node": ">=9"
      }
    },
    "node_modules/cropperjs": {
      "version": "2.1.1",
      "resolved": "https://registry.npmjs.org/cropperjs/-/cropperjs-2.1.1.tgz",
      "integrity": "sha512-FDJMarkY+/SepYarPZsvkG2LmI2PElecciMFnvBiBIoKnFYua/scprC5qejCLLyuX2jEqJRS2njbAsHxfjtIXA==",
      "license": "MIT",
      "dependencies": {
        "@cropper/elements": "^2.1.1",
        "@cropper/utils": "^2.1.1"
      }
    },
    "node_modules/dotenv": {
      "version": "17.4.2",
      "resolved": "https://registry.npmjs.org/dotenv/-/dotenv-17.4.2.tgz",
      "integrity": "sha512-nI4U3TottKAcAD9LLud4Cb7b2QztQMUEfHbvhTH09bqXTxnSie8WnjPALV/WMCrJZ6UV/qHJ6L03OqO3LcdYZw==",
      "license": "BSD-2-Clause",
      "engines": {
        "node": ">=12"
      },
      "funding": {
        "url": "https://dotenvx.com"
      }
    },
    "node_modules/lodash": {
      "version": "4.18.1",
      "resolved": "https://registry.npmjs.org/lodash/-/lodash-4.18.1.tgz",
      "integrity": "sha512-dMInicTPVE8d1e5otfwmmjlxkZoUpiVLwyeTdUsi/Caj/gfzzblBcCE5sRHV/AsjuCmxWrte2TNGSYuCeCq+0Q==",
      "license": "MIT"
    },
    "node_modules/lodash.clonedeep": {
      "version": "4.5.0",
      "resolved": "https://registry.npmjs.org/lodash.clonedeep/-/lodash.clonedeep-4.5.0.tgz",
      "integrity": "sha512-H5ZhCF25riFd9uB5UCkVKo61m3S/xZk1x4wA6yp/L3RFP6Z/eHH1ymQcGLo7J3GMPfm0V/7m1tryHuGVxpqEBQ==",
      "license": "MIT"
    },
    "node_modules/lodash.debounce": {
      "version": "4.0.8",
      "resolved": "https://registry.npmjs.org/lodash.debounce/-/lodash.debounce-4.0.8.tgz",
      "integrity": "sha512-FT1yDzDYEoYWhnSGnpE/4Kj1fLZkDFyqRb7fNt6FdYOSxlUWAtp42Eh6Wb0rGIv/m9Bgo7x4GhQbm5Ys4SG5ow==",
      "license": "MIT"
    },
    "node_modules/typescript": {
      "version": "4.9.5",
      "resolved": "https://registry.npmjs.org/typescript/-/typescript-4.9.5.tgz",
      "integrity": "sha512-1FXk9E2Hm+QzZQ7z+McJiHL4NW1F2EzMu9Nq9i3zAaGqibafqYwCVU6WyWAuyQRRzOlxou8xZSyXLEN8oKj24g==",
      "license": "Apache-2.0",
      "bin": {
        "tsc": "bin/tsc",
        "tsserver": "bin/tsserver"
      },
      "engines": {
        "node": ">=4.2.0"
      }
    }
  }
}
